PODS:
  - Alamofire (5.8.1)
  - LCRNetServiceKit (0.1.15):
    - Alamofire (~> 5.8.0)
    - ReachabilitySwift (~> 5.0.0)
  - ReachabilitySwift (5.0.0)

DEPENDENCIES:
  - LCRNetServiceKit (from `../`)

SPEC REPOS:
  trunk:
    - Alamofire
    - ReachabilitySwift

EXTERNAL SOURCES:
  LCRNetServiceKit:
    :path: "../"

SPEC CHECKSUMS:
  Alamofire: 3ca42e259043ee0dc5c0cdd76c4bc568b8e42af7
  LCRNetServiceKit: 2ba050cb4c36e77a79a2ec8b6f62ce4bb6d0f4da
  ReachabilitySwift: 985039c6f7b23a1da463388634119492ff86c825

PODFILE CHECKSUM: fe248008aad2d758624aa681915cfd90a9c3df66

COCOAPODS: 1.11.3
